// !$*UTF8*$!
{
	archiveVersion = 1;
	classes = {
	};
	objectVersion = 56;
	objects = {

/* Begin PBXBuildFile section */
		8771F8702B55D847000FB2DB /* FinancialHelperApp.swift in Sources */ = {isa = PBXBuildFile; fileRef = 8771F86F2B55D847000FB2DB /* FinancialHelperApp.swift */; };
		8771F8722B55D847000FB2DB /* ContentView.swift in Sources */ = {isa = PBXBuildFile; fileRef = 8771F8712B55D847000FB2DB /* ContentView.swift */; };
		8771F8742B55D84A000FB2DB /* Assets.xcassets in Resources */ = {isa = PBXBuildFile; fileRef = 8771F8732B55D84A000FB2DB /* Assets.xcassets */; };
		8771F8772B55D84A000FB2DB /* Preview Assets.xcassets in Resources */ = {isa = PBXBuildFile; fileRef = 8771F8762B55D84A000FB2DB /* Preview Assets.xcassets */; };
		8771F8812B55D84A000FB2DB /* FinancialHelperTests.swift in Sources */ = {isa = PBXBuildFile; fileRef = 8771F8802B55D84A000FB2DB /* FinancialHelperTests.swift */; };
		8771F88B2B55D84A000FB2DB /* FinancialHelperUITests.swift in Sources */ = {isa = PBXBuildFile; fileRef = 8771F88A2B55D84A000FB2DB /* FinancialHelperUITests.swift */; };
		8771F88D2B55D84A000FB2DB /* FinancialHelperUITestsLaunchTests.swift in Sources */ = {isa = PBXBuildFile; fileRef = 8771F88C2B55D84A000FB2DB /* FinancialHelperUITestsLaunchTests.swift */; };
		8771F89C2B55D9A0000FB2DB /* Collections in Frameworks */ = {isa = PBXBuildFile; productRef = 8771F89B2B55D9A0000FB2DB /* Collections */; };
		8771F89F2B55DA23000FB2DB /* SwiftUIFontIcon in Frameworks */ = {isa = PBXBuildFile; productRef = 8771F89E2B55DA23000FB2DB /* SwiftUIFontIcon */; };
		8771F8A22B55DA9C000FB2DB /* SwiftUICharts in Frameworks */ = {isa = PBXBuildFile; productRef = 8771F8A12B55DA9C000FB2DB /* SwiftUICharts */; };
/* End PBXBuildFile section */

/* Begin PBXContainerItemProxy section */
		8771F87D2B55D84A000FB2DB /* PBXContainerItemProxy */ = {
			isa = PBXContainerItemProxy;
			containerPortal = 8771F8642B55D847000FB2DB /* Project object */;
			proxyType = 1;
			remoteGlobalIDString = 8771F86B2B55D847000FB2DB;
			remoteInfo = FinancialHelper;
		};
		8771F8872B55D84A000FB2DB /* PBXContainerItemProxy */ = {
			isa = PBXContainerItemProxy;
			containerPortal = 8771F8642B55D847000FB2DB /* Project object */;
			proxyType = 1;
			remoteGlobalIDString = 8771F86B2B55D847000FB2DB;
			remoteInfo = FinancialHelper;
		};
/* End PBXContainerItemProxy section */

/* Begin PBXFileReference section */
		8771F86C2B55D847000FB2DB /* FinancialHelper.app */ = {isa = PBXFileReference; explicitFileType = wrapper.application; includeInIndex = 0; path = FinancialHelper.app; sourceTree = BUILT_PRODUCTS_DIR; };
		8771F86F2B55D847000FB2DB /* FinancialHelperApp.swift */ = {isa = PBXFileReference; lastKnownFileType = sourcecode.swift; path = FinancialHelperApp.swift; sourceTree = "<group>"; };
		8771F8712B55D847000FB2DB /* ContentView.swift */ = {isa = PBXFileReference; lastKnownFileType = sourcecode.swift; path = ContentView.swift; sourceTree = "<group>"; };
		8771F8732B55D84A000FB2DB /* Assets.xcassets */ = {isa = PBXFileReference; lastKnownFileType = folder.assetcatalog; path = Assets.xcassets; sourceTree = "<group>"; };
		8771F8762B55D84A000FB2DB /* Preview Assets.xcassets */ = {isa = PBXFileReference; lastKnownFileType = folder.assetcatalog; path = "Preview Assets.xcassets"; sourceTree = "<group>"; };
		8771F87C2B55D84A000FB2DB /* FinancialHelperTests.xctest */ = {isa = PBXFileReference; explicitFileType = wrapper.cfbundle; includeInIndex = 0; path = FinancialHelperTests.xctest; sourceTree = BUILT_PRODUCTS_DIR; };
		8771F8802B55D84A000FB2DB /* FinancialHelperTests.swift */ = {isa = PBXFileReference; lastKnownFileType = sourcecode.swift; path = FinancialHelperTests.swift; sourceTree = "<group>"; };
		8771F8862B55D84A000FB2DB /* FinancialHelperUITests.xctest */ = {isa = PBXFileReference; explicitFileType = wrapper.cfbundle; includeInIndex = 0; path = FinancialHelperUITests.xctest; sourceTree = BUILT_PRODUCTS_DIR; };
		8771F88A2B55D84A000FB2DB /* FinancialHelperUITests.swift */ = {isa = PBXFileReference; lastKnownFileType = sourcecode.swift; path = FinancialHelperUITests.swift; sourceTree = "<group>"; };
		8771F88C2B55D84A000FB2DB /* FinancialHelperUITestsLaunchTests.swift */ = {isa = PBXFileReference; lastKnownFileType = sourcecode.swift; path = FinancialHelperUITestsLaunchTests.swift; sourceTree = "<group>"; };
/* End PBXFileReference section */

/* Begin PBXFrameworksBuildPhase section */
		8771F8692B55D847000FB2DB /* Frameworks */ = {
			isa = PBXFrameworksBuildPhase;
			buildActionMask = 2147483647;
			files = (
				8771F8A22B55DA9C000FB2DB /* SwiftUICharts in Frameworks */,
				8771F89F2B55DA23000FB2DB /* SwiftUIFontIcon in Frameworks */,
				8771F89C2B55D9A0000FB2DB /* Collections in Frameworks */,
			);
			runOnlyForDeploymentPostprocessing = 0;
		};
		8771F8792B55D84A000FB2DB /* Frameworks */ = {
			isa = PBXFrameworksBuildPhase;
			buildActionMask = 2147483647;
			files = (
			);
			runOnlyForDeploymentPostprocessing = 0;
		};
		8771F8832B55D84A000FB2DB /* Frameworks */ = {
			isa = PBXFrameworksBuildPhase;
			buildActionMask = 2147483647;
			files = (
			);
			runOnlyForDeploymentPostprocessing = 0;
		};
/* End PBXFrameworksBuildPhase section */

/* Begin PBXGroup section */
		8771F8632B55D847000FB2DB = {
			isa = PBXGroup;
			children = (
				8771F86E2B55D847000FB2DB /* FinancialHelper */,
				8771F87F2B55D84A000FB2DB /* FinancialHelperTests */,
				8771F8892B55D84A000FB2DB /* FinancialHelperUITests */,
				8771F86D2B55D847000FB2DB /* Products */,
			);
			sourceTree = "<group>";
		};
		8771F86D2B55D847000FB2DB /* Products */ = {
			isa = PBXGroup;
			children = (
				8771F86C2B55D847000FB2DB /* FinancialHelper.app */,
				8771F87C2B55D84A000FB2DB /* FinancialHelperTests.xctest */,
				8771F8862B55D84A000FB2DB /* FinancialHelperUITests.xctest */,
			);
			name = Products;
			sourceTree = "<group>";
		};
		8771F86E2B55D847000FB2DB /* FinancialHelper */ = {
			isa = PBXGroup;
			children = (
				8771F86F2B55D847000FB2DB /* FinancialHelperApp.swift */,
				8771F8712B55D847000FB2DB /* ContentView.swift */,
				8771F8732B55D84A000FB2DB /* Assets.xcassets */,
				8771F8752B55D84A000FB2DB /* Preview Content */,
			);
			path = FinancialHelper;
			sourceTree = "<group>";
		};
		8771F8752B55D84A000FB2DB /* Preview Content */ = {
			isa = PBXGroup;
			children = (
				8771F8762B55D84A000FB2DB /* Preview Assets.xcassets */,
			);
			path = "Preview Content";
			sourceTree = "<group>";
		};
		8771F87F2B55D84A000FB2DB /* FinancialHelperTests */ = {
			isa = PBXGroup;
			children = (
				8771F8802B55D84A000FB2DB /* FinancialHelperTests.swift */,
			);
			path = FinancialHelperTests;
			sourceTree = "<group>";
		};
		8771F8892B55D84A000FB2DB /* FinancialHelperUITests */ = {
			isa = PBXGroup;
			children = (
				8771F88A2B55D84A000FB2DB /* FinancialHelperUITests.swift */,
				8771F88C2B55D84A000FB2DB /* FinancialHelperUITestsLaunchTests.swift */,
			);
			path = FinancialHelperUITests;
			sourceTree = "<group>";
		};
/* End PBXGroup section */

/* Begin PBXNativeTarget section */
		8771F86B2B55D847000FB2DB /* FinancialHelper */ = {
			isa = PBXNativeTarget;
			buildConfigurationList = 8771F8902B55D84A000FB2DB /* Build configuration list for PBXNativeTarget "FinancialHelper" */;
			buildPhases = (
				8771F8682B55D847000FB2DB /* Sources */,
				8771F8692B55D847000FB2DB /* Frameworks */,
				8771F86A2B55D847000FB2DB /* Resources */,
			);
			buildRules = (
			);
			dependencies = (
			);
			name = FinancialHelper;
			packageProductDependencies = (
				8771F89B2B55D9A0000FB2DB /* Collections */,
				8771F89E2B55DA23000FB2DB /* SwiftUIFontIcon */,
				8771F8A12B55DA9C000FB2DB /* SwiftUICharts */,
			);
			productName = FinancialHelper;
			productReference = 8771F86C2B55D847000FB2DB /* FinancialHelper.app */;
			productType = "com.apple.product-type.application";
		};
		8771F87B2B55D84A000FB2DB /* FinancialHelperTests */ = {
			isa = PBXNativeTarget;
			buildConfigurationList = 8771F8932B55D84A000FB2DB /* Build configuration list for PBXNativeTarget "FinancialHelperTests" */;
			buildPhases = (
				8771F8782B55D84A000FB2DB /* Sources */,
				8771F8792B55D84A000FB2DB /* Frameworks */,
				8771F87A2B55D84A000FB2DB /* Resources */,
			);
			buildRules = (
			);
			dependencies = (
				8771F87E2B55D84A000FB2DB /* PBXTargetDependency */,
			);
			name = FinancialHelperTests;
			productName = FinancialHelperTests;
			productReference = 8771F87C2B55D84A000FB2DB /* FinancialHelperTests.xctest */;
			productType = "com.apple.product-type.bundle.unit-test";
		};
		8771F8852B55D84A000FB2DB /* FinancialHelperUITests */ = {
			isa = PBXNativeTarget;
			buildConfigurationList = 8771F8962B55D84A000FB2DB /* Build configuration list for PBXNativeTarget "FinancialHelperUITests" */;
			buildPhases = (
				8771F8822B55D84A000FB2DB /* Sources */,
				8771F8832B55D84A000FB2DB /* Frameworks */,
				8771F8842B55D84A000FB2DB /* Resources */,
			);
			buildRules = (
			);
			dependencies = (
				8771F8882B55D84A000FB2DB /* PBXTargetDependency */,
			);
			name = FinancialHelperUITests;
			productName = FinancialHelperUITests;
			productReference = 8771F8862B55D84A000FB2DB /* FinancialHelperUITests.xctest */;
			productType = "com.apple.product-type.bundle.ui-testing";
		};
/* End PBXNativeTarget section */

/* Begin PBXProject section */
		8771F8642B55D847000FB2DB /* Project object */ = {
			isa = PBXProject;
			attributes = {
				BuildIndependentTargetsInParallel = 1;
				LastSwiftUpdateCheck = 1430;
				LastUpgradeCheck = 1430;
				TargetAttributes = {
					8771F86B2B55D847000FB2DB = {
						CreatedOnToolsVersion = 14.3.1;
					};
					8771F87B2B55D84A000FB2DB = {
						CreatedOnToolsVersion = 14.3.1;
						TestTargetID = 8771F86B2B55D847000FB2DB;
					};
					8771F8852B55D84A000FB2DB = {
						CreatedOnToolsVersion = 14.3.1;
						TestTargetID = 8771F86B2B55D847000FB2DB;
					};
				};
			};
			buildConfigurationList = 8771F8672B55D847000FB2DB /* Build configuration list for PBXProject "FinancialHelper" */;
			compatibilityVersion = "Xcode 14.0";
			developmentRegion = en;
			hasScannedForEncodings = 0;
			knownRegions = (
				en,
				Base,
			);
			mainGroup = 8771F8632B55D847000FB2DB;
			packageReferences = (
				8771F89A2B55D9A0000FB2DB /* XCRemoteSwiftPackageReference "swift-collections" */,
				8771F89D2B55DA23000FB2DB /* XCRemoteSwiftPackageReference "SwiftUIFontIcon" */,
				8771F8A02B55DA9B000FB2DB /* XCRemoteSwiftPackageReference "ChartView" */,
			);
			productRefGroup = 8771F86D2B55D847000FB2DB /* Products */;
			projectDirPath = "";
			projectRoot = "";
			targets = (
				8771F86B2B55D847000FB2DB /* FinancialHelper */,
				8771F87B2B55D84A000FB2DB /* FinancialHelperTests */,
				8771F8852B55D84A000FB2DB /* FinancialHelperUITests */,
			);
		};
/* End PBXProject section */

/* Begin PBXResourcesBuildPhase section */
		8771F86A2B55D847000FB2DB /* Resources */ = {
			isa = PBXResourcesBuildPhase;
			buildActionMask = 2147483647;
			files = (
				8771F8772B55D84A000FB2DB /* Preview Assets.xcassets in Resources */,
				8771F8742B55D84A000FB2DB /* Assets.xcassets in Resources */,
			);
			runOnlyForDeploymentPostprocessing = 0;
		};
		8771F87A2B55D84A000FB2DB /* Resources */ = {
			isa = PBXResourcesBuildPhase;
			buildActionMask = 2147483647;
			files = (
			);
			runOnlyForDeploymentPostprocessing = 0;
		};
		8771F8842B55D84A000FB2DB /* Resources */ = {
			isa = PBXResourcesBuildPhase;
			buildActionMask = 2147483647;
			files = (
			);
			runOnlyForDeploymentPostprocessing = 0;
		};
/* End PBXResourcesBuildPhase section */

/* Begin PBXSourcesBuildPhase section */
		8771F8682B55D847000FB2DB /* Sources */ = {
			isa = PBXSourcesBuildPhase;
			buildActionMask = 2147483647;
			files = (
				8771F8722B55D847000FB2DB /* ContentView.swift in Sources */,
				8771F8702B55D847000FB2DB /* FinancialHelperApp.swift in Sources */,
			);
			runOnlyForDeploymentPostprocessing = 0;
		};
		8771F8782B55D84A000FB2DB /* Sources */ = {
			isa = PBXSourcesBuildPhase;
			buildActionMask = 2147483647;
			files = (
				8771F8812B55D84A000FB2DB /* FinancialHelperTests.swift in Sources */,
			);
			runOnlyForDeploymentPostprocessing = 0;
		};
		8771F8822B55D84A000FB2DB /* Sources */ = {
			isa = PBXSourcesBuildPhase;
			buildActionMask = 2147483647;
			files = (
				8771F88D2B55D84A000FB2DB /* FinancialHelperUITestsLaunchTests.swift in Sources */,
				8771F88B2B55D84A000FB2DB /* FinancialHelperUITests.swift in Sources */,
			);
			runOnlyForDeploymentPostprocessing = 0;
		};
/* End PBXSourcesBuildPhase section */

/* Begin PBXTargetDependency section */
		8771F87E2B55D84A000FB2DB /* PBXTargetDependency */ = {
			isa = PBXTargetDependency;
			target = 8771F86B2B55D847000FB2DB /* FinancialHelper */;
			targetProxy = 8771F87D2B55D84A000FB2DB /* PBXContainerItemProxy */;
		};
		8771F8882B55D84A000FB2DB /* PBXTargetDependency */ = {
			isa = PBXTargetDependency;
			target = 8771F86B2B55D847000FB2DB /* FinancialHelper */;
			targetProxy = 8771F8872B55D84A000FB2DB /* PBXContainerItemProxy */;
		};
/* End PBXTargetDependency section */

/* Begin XCBuildConfiguration section */
		8771F88E2B55D84A000FB2DB /* Debug */ = {
			isa = XCBuildConfiguration;
			buildSettings = {
				ALWAYS_SEARCH_USER_PATHS = NO;
				CLANG_ANALYZER_NONNULL = YES;
				CLANG_ANALYZER_NUMBER_OBJECT_CONVERSION = YES_AGGRESSIVE;
				CLANG_CXX_LANGUAGE_STANDARD = "gnu++20";
				CLANG_ENABLE_MODULES = YES;
				CLANG_ENABLE_OBJC_ARC = YES;
				CLANG_ENABLE_OBJC_WEAK = YES;
				CLANG_WARN_BLOCK_CAPTURE_AUTORELEASING = YES;
				CLANG_WARN_BOOL_CONVERSION = YES;
				CLANG_WARN_COMMA = YES;
				CLANG_WARN_CONSTANT_CONVERSION = YES;
				CLANG_WARN_DEPRECATED_OBJC_IMPLEMENTATIONS = YES;
				CLANG_WARN_DIRECT_OBJC_ISA_USAGE = YES_ERROR;
				CLANG_WARN_DOCUMENTATION_COMMENTS = YES;
				CLANG_WARN_EMPTY_BODY = YES;
				CLANG_WARN_ENUM_CONVERSION = YES;
				CLANG_WARN_INFINITE_RECURSION = YES;
				CLANG_WARN_INT_CONVERSION = YES;
				CLANG_WARN_NON_LITERAL_NULL_CONVERSION = YES;
				CLANG_WARN_OBJC_IMPLICIT_RETAIN_SELF = YES;
				CLANG_WARN_OBJC_LITERAL_CONVERSION = YES;
				CLANG_WARN_OBJC_ROOT_CLASS = YES_ERROR;
				CLANG_WARN_QUOTED_INCLUDE_IN_FRAMEWORK_HEADER = YES;
				CLANG_WARN_RANGE_LOOP_ANALYSIS = YES;
				CLANG_WARN_STRICT_PROTOTYPES = YES;
				CLANG_WARN_SUSPICIOUS_MOVE = YES;
				CLANG_WARN_UNGUARDED_AVAILABILITY = YES_AGGRESSIVE;
				CLANG_WARN_UNREACHABLE_CODE = YES;
				CLANG_WARN__DUPLICATE_METHOD_MATCH = YES;
				COPY_PHASE_STRIP = NO;
				DEBUG_INFORMATION_FORMAT = dwarf;
				ENABLE_STRICT_OBJC_MSGSEND = YES;
				ENABLE_TESTABILITY = YES;
				GCC_C_LANGUAGE_STANDARD = gnu11;
				GCC_DYNAMIC_NO_PIC = NO;
				GCC_NO_COMMON_BLOCKS = YES;
				GCC_OPTIMIZATION_LEVEL = 0;
				GCC_PREPROCESSOR_DEFINITIONS = (
					"DEBUG=1",
					"$(inherited)",
				);
				GCC_WARN_64_TO_32_BIT_CONVERSION = YES;
				GCC_WARN_ABOUT_RETURN_TYPE = YES_ERROR;
				GCC_WARN_UNDECLARED_SELECTOR = YES;
				GCC_WARN_UNINITIALIZED_AUTOS = YES_AGGRESSIVE;
				GCC_WARN_UNUSED_FUNCTION = YES;
				GCC_WARN_UNUSED_VARIABLE = YES;
				IPHONEOS_DEPLOYMENT_TARGET = 16.4;
				MTL_ENABLE_DEBUG_INFO = INCLUDE_SOURCE;
				MTL_FAST_MATH = YES;
				ONLY_ACTIVE_ARCH = YES;
				SDKROOT = iphoneos;
				SWIFT_ACTIVE_COMPILATION_CONDITIONS = DEBUG;
				SWIFT_OPTIMIZATION_LEVEL = "-Onone";
			};
			name = Debug;
		};
		8771F88F2B55D84A000FB2DB /* Release */ = {
			isa = XCBuildConfiguration;
			buildSettings = {
				ALWAYS_SEARCH_USER_PATHS = NO;
				CLANG_ANALYZER_NONNULL = YES;
				CLANG_ANALYZER_NUMBER_OBJECT_CONVERSION = YES_AGGRESSIVE;
				CLANG_CXX_LANGUAGE_STANDARD = "gnu++20";
				CLANG_ENABLE_MODULES = YES;
				CLANG_ENABLE_OBJC_ARC = YES;
				CLANG_ENABLE_OBJC_WEAK = YES;
				CLANG_WARN_BLOCK_CAPTURE_AUTORELEASING = YES;
				CLANG_WARN_BOOL_CONVERSION = YES;
				CLANG_WARN_COMMA = YES;
				CLANG_WARN_CONSTANT_CONVERSION = YES;
				CLANG_WARN_DEPRECATED_OBJC_IMPLEMENTATIONS = YES;
				CLANG_WARN_DIRECT_OBJC_ISA_USAGE = YES_ERROR;
				CLANG_WARN_DOCUMENTATION_COMMENTS = YES;
				CLANG_WARN_EMPTY_BODY = YES;
				CLANG_WARN_ENUM_CONVERSION = YES;
				CLANG_WARN_INFINITE_RECURSION = YES;
				CLANG_WARN_INT_CONVERSION = YES;
				CLANG_WARN_NON_LITERAL_NULL_CONVERSION = YES;
				CLANG_WARN_OBJC_IMPLICIT_RETAIN_SELF = YES;
				CLANG_WARN_OBJC_LITERAL_CONVERSION = YES;
				CLANG_WARN_OBJC_ROOT_CLASS = YES_ERROR;
				CLANG_WARN_QUOTED_INCLUDE_IN_FRAMEWORK_HEADER = YES;
				CLANG_WARN_RANGE_LOOP_ANALYSIS = YES;
				CLANG_WARN_STRICT_PROTOTYPES = YES;
				CLANG_WARN_SUSPICIOUS_MOVE = YES;
				CLANG_WARN_UNGUARDED_AVAILABILITY = YES_AGGRESSIVE;
				CLANG_WARN_UNREACHABLE_CODE = YES;
				CLANG_WARN__DUPLICATE_METHOD_MATCH = YES;
				COPY_PHASE_STRIP = NO;
				DEBUG_INFORMATION_FORMAT = "dwarf-with-dsym";
				ENABLE_NS_ASSERTIONS = NO;
				ENABLE_STRICT_OBJC_MSGSEND = YES;
				GCC_C_LANGUAGE_STANDARD = gnu11;
				GCC_NO_COMMON_BLOCKS = YES;
				GCC_WARN_64_TO_32_BIT_CONVERSION = YES;
				GCC_WARN_ABOUT_RETURN_TYPE = YES_ERROR;
				GCC_WARN_UNDECLARED_SELECTOR = YES;
				GCC_WARN_UNINITIALIZED_AUTOS = YES_AGGRESSIVE;
				GCC_WARN_UNUSED_FUNCTION = YES;
				GCC_WARN_UNUSED_VARIABLE = YES;
				IPHONEOS_DEPLOYMENT_TARGET = 16.4;
				MTL_ENABLE_DEBUG_INFO = NO;
				MTL_FAST_MATH = YES;
				SDKROOT = iphoneos;
				SWIFT_COMPILATION_MODE = wholemodule;
				SWIFT_OPTIMIZATION_LEVEL = "-O";
				VALIDATE_PRODUCT = YES;
			};
			name = Release;
		};
		8771F8912B55D84A000FB2DB /* Debug */ = {
			isa = XCBuildConfiguration;
			buildSettings = {
				ASSETCATALOG_COMPILER_APPICON_NAME = AppIcon;
				ASSETCATALOG_COMPILER_GLOBAL_ACCENT_COLOR_NAME = AccentColor;
				CODE_SIGN_STYLE = Automatic;
				CURRENT_PROJECT_VERSION = 1;
				DEVELOPMENT_ASSET_PATHS = "\"FinancialHelper/Preview Content\"";
				ENABLE_PREVIEWS = YES;
				GENERATE_INFOPLIST_FILE = YES;
				INFOPLIST_KEY_UIApplicationSceneManifest_Generation = YES;
				INFOPLIST_KEY_UIApplicationSupportsIndirectInputEvents = YES;
				INFOPLIST_KEY_UILaunchScreen_Generation = YES;
				INFOPLIST_KEY_UISupportedInterfaceOrientations_iPad = "UIInterfaceOrientationPortrait UIInterfaceOrientationPortraitUpsideDown UIInterfaceOrientationLandscapeLeft UIInterfaceOrientationLandscapeRight";
				INFOPLIST_KEY_UISupportedInterfaceOrientations_iPhone = "UIInterfaceOrientationPortrait UIInterfaceOrientationLandscapeLeft UIInterfaceOrientationLandscapeRight";
				LD_RUNPATH_SEARCH_PATHS = (
					"$(inherited)",
					"@executable_path/Frameworks",
				);
				MARKETING_VERSION = 1.0;
				PRODUCT_BUNDLE_IDENTIFIER = Tom.FinancialHelper;
				PRODUCT_NAME = "$(TARGET_NAME)";
				SWIFT_EMIT_LOC_STRINGS = YES;
				SWIFT_VERSION = 5.0;
				TARGETED_DEVICE_FAMILY = "1,2";
			};
			name = Debug;
		};
		8771F8922B55D84A000FB2DB /* Release */ = {
			isa = XCBuildConfiguration;
			buildSettings = {
				ASSETCATALOG_COMPILER_APPICON_NAME = AppIcon;
				ASSETCATALOG_COMPILER_GLOBAL_ACCENT_COLOR_NAME = AccentColor;
				CODE_SIGN_STYLE = Automatic;
				CURRENT_PROJECT_VERSION = 1;
				DEVELOPMENT_ASSET_PATHS = "\"FinancialHelper/Preview Content\"";
				ENABLE_PREVIEWS = YES;
				GENERATE_INFOPLIST_FILE = YES;
				INFOPLIST_KEY_UIApplicationSceneManifest_Generation = YES;
				INFOPLIST_KEY_UIApplicationSupportsIndirectInputEvents = YES;
				INFOPLIST_KEY_UILaunchScreen_Generation = YES;
				INFOPLIST_KEY_UISupportedInterfaceOrientations_iPad = "UIInterfaceOrientationPortrait UIInterfaceOrientationPortraitUpsideDown UIInterfaceOrientationLandscapeLeft UIInterfaceOrientationLandscapeRight";
				INFOPLIST_KEY_UISupportedInterfaceOrientations_iPhone = "UIInterfaceOrientationPortrait UIInterfaceOrientationLandscapeLeft UIInterfaceOrientationLandscapeRight";
				LD_RUNPATH_SEARCH_PATHS = (
					"$(inherited)",
					"@executable_path/Frameworks",
				);
				MARKETING_VERSION = 1.0;
				PRODUCT_BUNDLE_IDENTIFIER = Tom.FinancialHelper;
				PRODUCT_NAME = "$(TARGET_NAME)";
				SWIFT_EMIT_LOC_STRINGS = YES;
				SWIFT_VERSION = 5.0;
				TARGETED_DEVICE_FAMILY = "1,2";
			};
			name = Release;
		};
		8771F8942B55D84A000FB2DB /* Debug */ = {
			isa = XCBuildConfiguration;
			buildSettings = {
				ALWAYS_EMBED_SWIFT_STANDARD_LIBRARIES = YES;
				BUNDLE_LOADER = "$(TEST_HOST)";
				CODE_SIGN_STYLE = Automatic;
				CURRENT_PROJECT_VERSION = 1;
				GENERATE_INFOPLIST_FILE = YES;
				IPHONEOS_DEPLOYMENT_TARGET = 16.4;
				MARKETING_VERSION = 1.0;
				PRODUCT_BUNDLE_IDENTIFIER = Tom.FinancialHelperTests;
				PRODUCT_NAME = "$(TARGET_NAME)";
				SWIFT_EMIT_LOC_STRINGS = NO;
				SWIFT_VERSION = 5.0;
				TARGETED_DEVICE_FAMILY = "1,2";
				TEST_HOST = "$(BUILT_PRODUCTS_DIR)/FinancialHelper.app/$(BUNDLE_EXECUTABLE_FOLDER_PATH)/FinancialHelper";
			};
			name = Debug;
		};
		8771F8952B55D84A000FB2DB /* Release */ = {
			isa = XCBuildConfiguration;
			buildSettings = {
				ALWAYS_EMBED_SWIFT_STANDARD_LIBRARIES = YES;
				BUNDLE_LOADER = "$(TEST_HOST)";
				CODE_SIGN_STYLE = Automatic;
				CURRENT_PROJECT_VERSION = 1;
				GENERATE_INFOPLIST_FILE = YES;
				IPHONEOS_DEPLOYMENT_TARGET = 16.4;
				MARKETING_VERSION = 1.0;
				PRODUCT_BUNDLE_IDENTIFIER = Tom.FinancialHelperTests;
				PRODUCT_NAME = "$(TARGET_NAME)";
				SWIFT_EMIT_LOC_STRINGS = NO;
				SWIFT_VERSION = 5.0;
				TARGETED_DEVICE_FAMILY = "1,2";
				TEST_HOST = "$(BUILT_PRODUCTS_DIR)/FinancialHelper.app/$(BUNDLE_EXECUTABLE_FOLDER_PATH)/FinancialHelper";
			};
			name = Release;
		};
		8771F8972B55D84A000FB2DB /* Debug */ = {
			isa = XCBuildConfiguration;
			buildSettings = {
				ALWAYS_EMBED_SWIFT_STANDARD_LIBRARIES = YES;
				CODE_SIGN_STYLE = Automatic;
				CURRENT_PROJECT_VERSION = 1;
				GENERATE_INFOPLIST_FILE = YES;
				MARKETING_VERSION = 1.0;
				PRODUCT_BUNDLE_IDENTIFIER = Tom.FinancialHelperUITests;
				PRODUCT_NAME = "$(TARGET_NAME)";
				SWIFT_EMIT_LOC_STRINGS = NO;
				SWIFT_VERSION = 5.0;
				TARGETED_DEVICE_FAMILY = "1,2";
				TEST_TARGET_NAME = FinancialHelper;
			};
			name = Debug;
		};
		8771F8982B55D84A000FB2DB /* Release */ = {
			isa = XCBuildConfiguration;
			buildSettings = {
				ALWAYS_EMBED_SWIFT_STANDARD_LIBRARIES = YES;
				CODE_SIGN_STYLE = Automatic;
				CURRENT_PROJECT_VERSION = 1;
				GENERATE_INFOPLIST_FILE = YES;
				MARKETING_VERSION = 1.0;
				PRODUCT_BUNDLE_IDENTIFIER = Tom.FinancialHelperUITests;
				PRODUCT_NAME = "$(TARGET_NAME)";
				SWIFT_EMIT_LOC_STRINGS = NO;
				SWIFT_VERSION = 5.0;
				TARGETED_DEVICE_FAMILY = "1,2";
				TEST_TARGET_NAME = FinancialHelper;
			};
			name = Release;
		};
/* End XCBuildConfiguration section */

/* Begin XCConfigurationList section */
		8771F8672B55D847000FB2DB /* Build configuration list for PBXProject "FinancialHelper" */ = {
			isa = XCConfigurationList;
			buildConfigurations = (
				8771F88E2B55D84A000FB2DB /* Debug */,
				8771F88F2B55D84A000FB2DB /* Release */,
			);
			defaultConfigurationIsVisible = 0;
			defaultConfigurationName = Release;
		};
		8771F8902B55D84A000FB2DB /* Build configuration list for PBXNativeTarget "FinancialHelper" */ = {
			isa = XCConfigurationList;
			buildConfigurations = (
				8771F8912B55D84A000FB2DB /* Debug */,
				8771F8922B55D84A000FB2DB /* Release */,
			);
			defaultConfigurationIsVisible = 0;
			defaultConfigurationName = Release;
		};
		8771F8932B55D84A000FB2DB /* Build configuration list for PBXNativeTarget "FinancialHelperTests" */ = {
			isa = XCConfigurationList;
			buildConfigurations = (
				8771F8942B55D84A000FB2DB /* Debug */,
				8771F8952B55D84A000FB2DB /* Release */,
			);
			defaultConfigurationIsVisible = 0;
			defaultConfigurationName = Release;
		};
		8771F8962B55D84A000FB2DB /* Build configuration list for PBXNativeTarget "FinancialHelperUITests" */ = {
			isa = XCConfigurationList;
			buildConfigurations = (
				8771F8972B55D84A000FB2DB /* Debug */,
				8771F8982B55D84A000FB2DB /* Release */,
			);
			defaultConfigurationIsVisible = 0;
			defaultConfigurationName = Release;
		};
/* End XCConfigurationList section */

/* Begin XCRemoteSwiftPackageReference section */
		8771F89A2B55D9A0000FB2DB /* XCRemoteSwiftPackageReference "swift-collections" */ = {
			isa = XCRemoteSwiftPackageReference;
			repositoryURL = "https://github.com/apple/swift-collections.git";
			requirement = {
				kind = upToNextMajorVersion;
				minimumVersion = 1.0.0;
			};
		};
		8771F89D2B55DA23000FB2DB /* XCRemoteSwiftPackageReference "SwiftUIFontIcon" */ = {
			isa = XCRemoteSwiftPackageReference;
			repositoryURL = "https://github.com/huybuidac/SwiftUIFontIcon";
			requirement = {
				kind = upToNextMajorVersion;
				minimumVersion = 2.0.0;
			};
		};
		8771F8A02B55DA9B000FB2DB /* XCRemoteSwiftPackageReference "ChartView" */ = {
			isa = XCRemoteSwiftPackageReference;
			repositoryURL = "https://github.com/AppPear/ChartView";
			requirement = {
				kind = upToNextMajorVersion;
				minimumVersion = "2.0.0-beta.2";
			};
		};
/* End XCRemoteSwiftPackageReference section */

/* Begin XCSwiftPackageProductDependency section */
		8771F89B2B55D9A0000FB2DB /* Collections */ = {
			isa = XCSwiftPackageProductDependency;
			package = 8771F89A2B55D9A0000FB2DB /* XCRemoteSwiftPackageReference "swift-collections" */;
			productName = Collections;
		};
		8771F89E2B55DA23000FB2DB /* SwiftUIFontIcon */ = {
			isa = XCSwiftPackageProductDependency;
			package = 8771F89D2B55DA23000FB2DB /* XCRemoteSwiftPackageReference "SwiftUIFontIcon" */;
			productName = SwiftUIFontIcon;
		};
		8771F8A12B55DA9C000FB2DB /* SwiftUICharts */ = {
			isa = XCSwiftPackageProductDependency;
			package = 8771F8A02B55DA9B000FB2DB /* XCRemoteSwiftPackageReference "ChartView" */;
			productName = SwiftUICharts;
		};
/* End XCSwiftPackageProductDependency section */
	};
	rootObject = 8771F8642B55D847000FB2DB /* Project object */;
}
